
Microsoft Visual Studio Solution File, Format Version 12.00
# Visual Studio 15
VisualStudioVersion = 15.0.28307.168
MinimumVisualStudioVersion = 10.0.40219.1
Project("{FAE04EC0-301F-11D3-BF4B-00C04F79EFBC}") = "GameBoard", "GameBoard\GameBoard.csproj", "{CCB681CD-194F-437B-8D0D-EFEF685088C9}"
EndProject
Global
	GlobalSection(SolutionConfigurationPlatforms) = preSolution
		Debug|Any CPU = Debug|Any CPU
		Release|Any CPU = Release|Any CPU
	EndGlobalSection
	GlobalSection(ProjectConfigurationPlatforms) = postSolution
		{CCB681CD-194F-437B-8D0D-EFEF685088C9}.Debug|Any CPU.ActiveCfg = Debug|Any CPU
		{CCB681CD-194F-437B-8D0D-EFEF685088C9}.Debug|Any CPU.Build.0 = Debug|Any CPU
		{CCB681CD-194F-437B-8D0D-EFEF685088C9}.Release|Any CPU.ActiveCfg = Release|Any CPU
		{CCB681CD-194F-437B-8D0D-EFEF685088C9}.Release|Any CPU.Build.0 = Release|Any CPU
	EndGlobalSection
	GlobalSection(SolutionProperties) = preSolution
		HideSolutionNode = FALSE
	EndGlobalSection
	GlobalSection(ExtensibilityGlobals) = postSolution
		SolutionGuid = {BC5C2215-0DDB-407E-96B3-E6345D57BD37}
	EndGlobalSection
EndGlobal
